
Microsoft Visual Studio Solution File, Format Version 12.00
# Visual Studio 2012
Project("{FAE04EC0-301F-11D3-BF4B-00C04F79EFBC}") = "cleangap.api", "cleangap.api.csproj", "{50BB1C37-402D-4DBF-B187-4E364CF7959F}"
EndProject
Global
	GlobalSection(SolutionConfigurationPlatforms) = preSolution
		Debug|Any CPU = Debug|Any CPU
		Release|Any CPU = Release|Any CPU
	EndGlobalSection
	GlobalSection(ProjectConfigurationPlatforms) = postSolution
		{50BB1C37-402D-4DBF-B187-4E364CF7959F}.Debug|Any CPU.ActiveCfg = Debug|Any CPU
		{50BB1C37-402D-4DBF-B187-4E364CF7959F}.Debug|Any CPU.Build.0 = Debug|Any CPU
		{50BB1C37-402D-4DBF-B187-4E364CF7959F}.Release|Any CPU.ActiveCfg = Release|Any CPU
		{50BB1C37-402D-4DBF-B187-4E364CF7959F}.Release|Any CPU.Build.0 = Release|Any CPU
	EndGlobalSection
EndGlobal
